# This file is automatically @generated by Poetry 2.1.3 and should not be changed by hand.

[[package]]
name = "bx-py-utils"
version = "93"
description = "Various Python utility functions"
optional = false
python-versions = "*"
groups = ["main"]
files = [
    {file = "bx_py_utils-93-py3-none-any.whl", hash = "sha256:6d9211f0d01a51bb83cc260b4a5293b8364ce539d60a59975fc6d95e103e9041"},
    {file = "bx_py_utils-93.tar.gz", hash = "sha256:d603449d5e481035ae1186b34e57465f9e5f8235c4f7f1a73b98899a475b2b28"},
]

[[package]]
name = "cli-base-utilities"
version = "0.19.0"
description = "Helpers to bild a CLI program"
optional = false
python-versions = ">=3.11"
groups = ["main"]
files = [
    {file = "cli_base_utilities-0.19.0-py3-none-any.whl", hash = "sha256:0dfed2d8557ae2b61d3e9c404ed410289b6139104d401d573d25fb9b2bba2688"},
    {file = "cli_base_utilities-0.19.0.tar.gz", hash = "sha256:4efd619dd2f0ea9a5aca41772cac9ff0c1ebb3462dcf47ba6d847a29809e995c"},
]

[package.dependencies]
bx_py_utils = "*"
click = "*"
packaging = "*"
python-dateutil = "*"
rich = "*"
tomlkit = "*"
tyro = "*"

[[package]]
name = "click"
version = "8.2.2"
description = "Composable command line interface toolkit"
optional = false
python-versions = ">=3.10"
groups = ["main"]
files = [
    {file = "click-8.2.2-py3-none-any.whl", hash = "sha256:52e1e9f5d3db8c85aa76968c7c67ed41ddbacb167f43201511c8fd61eb5ba2ca"},
    {file = "click-8.2.2.tar.gz", hash = "sha256:068616e6ef9705a07b6db727cb9c248f4eb9dae437a30239f56fa94b18b852ef"},
]

[package.dependencies]
colorama = {version = "*", markers = "platform_system == \"Windows\""}

[[package]]
name = "colorama"
version = "0.4.6"
description = "Cross-platform colored terminal text."
optional = false
python-versions = "!=3.0.*,!=3.1.*,!=3.2.*,!=3.3.*,!=3.4.*,!=3.5.*,!=3.6.*,>=2.7"
groups = ["main"]
markers = "platform_system == \"Windows\""
files = [
    {file = "colorama-0.4.6-py2.py3-none-any.whl", hash = "sha256:4f1d9991f5acc0ca119f9d443620b77f9d6b33703e51011c16baf57afb285fc6"},
    {file = "colorama-0.4.6.tar.gz", hash = "sha256:08695f5cb7ed6e0531a20572697297273c47b8cae5a63ffc6d6ed5c201be6e44"},
]

[[package]]
name = "docstring-parser"
version = "0.17.0"
description = "Parse Python docstrings in reST, Google and Numpydoc format"
optional = false
python-versions = ">=3.8"
groups = ["main"]
files = [
    {file = "docstring_parser-0.17.0-py3-none-any.whl", hash = "sha256:cf2569abd23dce8099b300f9b4fa8191e9582dda731fd533daf54c4551658708"},
    {file = "docstring_parser-0.17.0.tar.gz", hash = "sha256:583de4a309722b3315439bb31d64ba3eebada841f2e2cee23b99df001434c912"},
]

[package.extras]
dev = ["pre-commit (>=2.16.0) ; python_version >= \"3.9\"", "pydoctor (>=25.4.0)", "pytest"]
docs = ["pydoctor (>=25.4.0)"]
test = ["pytest"]

[[package]]
name = "frozendict"
version = "2.4.6"
description = "A simple immutable dictionary"
optional = false
python-versions = ">=3.6"
groups = ["main"]
files = [
    {file = "frozendict-2.4.6-cp310-cp310-macosx_10_9_x86_64.whl", hash = "sha256:c3a05c0a50cab96b4bb0ea25aa752efbfceed5ccb24c007612bc63e51299336f"},
    {file = "frozendict-2.4.6-cp310-cp310-macosx_11_0_arm64.whl", hash = "sha256:f5b94d5b07c00986f9e37a38dd83c13f5fe3bf3f1ccc8e88edea8fe15d6cd88c"},
    {file = "frozendict-2.4.6-cp310-cp310-manylinux_2_17_aarch64.manylinux2014_aarch64.whl", hash = "sha256:f4c789fd70879ccb6289a603cdebdc4953e7e5dea047d30c1b180529b28257b5"},
    {file = "frozendict-2.4.6-cp310-cp310-manylinux_2_17_x86_64.manylinux2014_x86_64.whl", hash = "sha256:da6a10164c8a50b34b9ab508a9420df38f4edf286b9ca7b7df8a91767baecb34"},
    {file = "frozendict-2.4.6-cp310-cp310-musllinux_1_2_aarch64.whl", hash = "sha256:9a8a43036754a941601635ea9c788ebd7a7efbed2becba01b54a887b41b175b9"},
    {file = "frozendict-2.4.6-cp310-cp310-musllinux_1_2_x86_64.whl", hash = "sha256:c9905dcf7aa659e6a11b8051114c9fa76dfde3a6e50e6dc129d5aece75b449a2"},
    {file = "frozendict-2.4.6-cp310-cp310-win_amd64.whl", hash = "sha256:323f1b674a2cc18f86ab81698e22aba8145d7a755e0ac2cccf142ee2db58620d"},
    {file = "frozendict-2.4.6-cp310-cp310-win_arm64.whl", hash = "sha256:eabd21d8e5db0c58b60d26b4bb9839cac13132e88277e1376970172a85ee04b3"},
    {file = "frozendict-2.4.6-cp36-cp36m-macosx_10_9_x86_64.whl", hash = "sha256:eddabeb769fab1e122d3a6872982c78179b5bcc909fdc769f3cf1964f55a6d20"},
    {file = "frozendict-2.4.6-cp36-cp36m-manylinux_2_17_aarch64.manylinux2014_aarch64.whl", hash = "sha256:377a65be0a700188fc21e669c07de60f4f6d35fae8071c292b7df04776a1c27b"},
    {file = "frozendict-2.4.6-cp36-cp36m-manylinux_2_17_x86_64.manylinux2014_x86_64.whl", hash = "sha256:ce1e9217b85eec6ba9560d520d5089c82dbb15f977906eb345d81459723dd7e3"},
    {file = "frozendict-2.4.6-cp36-cp36m-musllinux_1_2_aarch64.whl", hash = "sha256:7291abacf51798d5ffe632771a69c14fb423ab98d63c4ccd1aa382619afe2f89"},
    {file = "frozendict-2.4.6-cp36-cp36m-musllinux_1_2_x86_64.whl", hash = "sha256:e72fb86e48811957d66ffb3e95580af7b1af1e6fbd760ad63d7bd79b2c9a07f8"},
    {file = "frozendict-2.4.6-cp36-cp36m-win_amd64.whl", hash = "sha256:622301b1c29c4f9bba633667d592a3a2b093cb408ba3ce578b8901ace3931ef3"},
    {file = "frozendict-2.4.6-cp37-cp37m-macosx_10_9_x86_64.whl", hash = "sha256:a4e3737cb99ed03200cd303bdcd5514c9f34b29ee48f405c1184141bd68611c9"},
    {file = "frozendict-2.4.6-cp37-cp37m-manylinux_2_17_aarch64.manylinux2014_aarch64.whl", hash = "sha256:49ffaf09241bc1417daa19362a2241a4aa435f758fd4375c39ce9790443a39cd"},
    {file = "frozendict-2.4.6-cp37-cp37m-manylinux_2_17_x86_64.manylinux2014_x86_64.whl", hash = "sha256:2d69418479bfb834ba75b0e764f058af46ceee3d655deb6a0dd0c0c1a5e82f09"},
    {file = "frozendict-2.4.6-cp37-cp37m-musllinux_1_2_aarch64.whl", hash = "sha256:c131f10c4d3906866454c4e89b87a7e0027d533cce8f4652aa5255112c4d6677"},
    {file = "frozendict-2.4.6-cp37-cp37m-musllinux_1_2_x86_64.whl", hash = "sha256:fc67cbb3c96af7a798fab53d52589752c1673027e516b702ab355510ddf6bdff"},
    {file = "frozendict-2.4.6-cp37-cp37m-win_amd64.whl", hash = "sha256:7730f8ebe791d147a1586cbf6a42629351d4597773317002181b66a2da0d509e"},
    {file = "frozendict-2.4.6-cp38-cp38-macosx_10_9_x86_64.whl", hash = "sha256:807862e14b0e9665042458fde692c4431d660c4219b9bb240817f5b918182222"},
    {file = "frozendict-2.4.6-cp38-cp38-macosx_11_0_arm64.whl", hash = "sha256:9647c74efe3d845faa666d4853cfeabbaee403b53270cabfc635b321f770e6b8"},
    {file = "frozendict-2.4.6-cp38-cp38-manylinux_2_17_aarch64.manylinux2014_aarch64.whl", hash = "sha256:665fad3f0f815aa41294e561d98dbedba4b483b3968e7e8cab7d728d64b96e33"},
    {file = "frozendict-2.4.6-cp38-cp38-manylinux_2_17_x86_64.manylinux2014_x86_64.whl", hash = "sha256:1f42e6b75254ea2afe428ad6d095b62f95a7ae6d4f8272f0bd44a25dddd20f67"},
    {file = "frozendict-2.4.6-cp38-cp38-musllinux_1_2_aarch64.whl", hash = "sha256:02331541611f3897f260900a1815b63389654951126e6e65545e529b63c08361"},
    {file = "frozendict-2.4.6-cp38-cp38-musllinux_1_2_x86_64.whl", hash = "sha256:18d50a2598350b89189da9150058191f55057581e40533e470db46c942373acf"},
    {file = "frozendict-2.4.6-cp38-cp38-win_amd64.whl", hash = "sha256:1b4a3f8f6dd51bee74a50995c39b5a606b612847862203dd5483b9cd91b0d36a"},
    {file = "frozendict-2.4.6-cp39-cp39-macosx_10_9_x86_64.whl", hash = "sha256:a76cee5c4be2a5d1ff063188232fffcce05dde6fd5edd6afe7b75b247526490e"},
    {file = "frozendict-2.4.6-cp39-cp39-macosx_11_0_arm64.whl", hash = "sha256:ba5ef7328706db857a2bdb2c2a17b4cd37c32a19c017cff1bb7eeebc86b0f411"},
    {file = "frozendict-2.4.6-cp39-cp39-manylinux_2_17_aarch64.manylinux2014_aarch64.whl", hash = "sha256:669237c571856be575eca28a69e92a3d18f8490511eff184937283dc6093bd67"},
    {file = "frozendict-2.4.6-cp39-cp39-manylinux_2_17_x86_64.manylinux2014_x86_64.whl", hash = "sha256:0aaa11e7c472150efe65adbcd6c17ac0f586896096ab3963775e1c5c58ac0098"},
    {file = "frozendict-2.4.6-cp39-cp39-musllinux_1_2_aarch64.whl", hash = "sha256:b8f2829048f29fe115da4a60409be2130e69402e29029339663fac39c90e6e2b"},
    {file = "frozendict-2.4.6-cp39-cp39-musllinux_1_2_x86_64.whl", hash = "sha256:94321e646cc39bebc66954a31edd1847d3a2a3483cf52ff051cd0996e7db07db"},
    {file = "frozendict-2.4.6-cp39-cp39-win_amd64.whl", hash = "sha256:74b6b26c15dddfefddeb89813e455b00ebf78d0a3662b89506b4d55c6445a9f4"},
    {file = "frozendict-2.4.6-cp39-cp39-win_arm64.whl", hash = "sha256:7088102345d1606450bd1801a61139bbaa2cb0d805b9b692f8d81918ea835da6"},
    {file = "frozendict-2.4.6-py311-none-any.whl", hash = "sha256:d065db6a44db2e2375c23eac816f1a022feb2fa98cbb50df44a9e83700accbea"},
    {file = "frozendict-2.4.6-py312-none-any.whl", hash = "sha256:49344abe90fb75f0f9fdefe6d4ef6d4894e640fadab71f11009d52ad97f370b9"},
    {file = "frozendict-2.4.6-py313-none-any.whl", hash = "sha256:7134a2bb95d4a16556bb5f2b9736dceb6ea848fa5b6f3f6c2d6dba93b44b4757"},
    {file = "frozendict-2.4.6.tar.gz", hash = "sha256:df7cd16470fbd26fc4969a208efadc46319334eb97def1ddf48919b351192b8e"},
]

[[package]]
name = "ha-services"
version = "2.12.0"
description = "Helpers to send periodic information via MQTT to Home Assistant"
optional = false
python-versions = ">=3.11"
groups = ["main"]
files = [
    {file = "ha_services-2.12.0-py3-none-any.whl", hash = "sha256:05405c80bac16f16995cdef3e564633fc3a8fa4194254af1fb51ed59c932aacb"},
    {file = "ha_services-2.12.0.tar.gz", hash = "sha256:d0bebcd192c6e96184d54ab5b0459f1d0d064943f095bf69e94b6d743facb0d4"},
]

[package.dependencies]
cli-base-utilities = ">=0.18.0"
frozendict = "*"
msgspec = "*"
paho-mqtt = "*"
psutil = "*"
rich = "*"
tomlkit = "*"
tyro = "*"

[[package]]
name = "markdown-it-py"
version = "3.0.0"
description = "Python port of markdown-it. Markdown parsing, done right!"
optional = false
python-versions = ">=3.8"
groups = ["main"]
files = [
    {file = "markdown-it-py-3.0.0.tar.gz", hash = "sha256:e3f60a94fa066dc52ec76661e37c851cb232d92f9886b15cb560aaada2df8feb"},
    {file = "markdown_it_py-3.0.0-py3-none-any.whl", hash = "sha256:355216845c60bd96232cd8d8c40e8f9765cc86f46880e43a8fd22dc1a1a8cab1"},
]

[package.dependencies]
mdurl = ">=0.1,<1.0"

[package.extras]
benchmarking = ["psutil", "pytest", "pytest-benchmark"]
code-style = ["pre-commit (>=3.0,<4.0)"]
compare = ["commonmark (>=0.9,<1.0)", "markdown (>=3.4,<4.0)", "mistletoe (>=1.0,<2.0)", "mistune (>=2.0,<3.0)", "panflute (>=2.3,<3.0)"]
linkify = ["linkify-it-py (>=1,<3)"]
plugins = ["mdit-py-plugins"]
profiling = ["gprof2dot"]
rtd = ["jupyter_sphinx", "mdit-py-plugins", "myst-parser", "pyyaml", "sphinx", "sphinx-copybutton", "sphinx-design", "sphinx_book_theme"]
testing = ["coverage", "pytest", "pytest-cov", "pytest-regressions"]

[[package]]
name = "mdurl"
version = "0.1.2"
description = "Markdown URL utilities"
optional = false
python-versions = ">=3.7"
groups = ["main"]
files = [
    {file = "mdurl-0.1.2-py3-none-any.whl", hash = "sha256:84008a41e51615a49fc9966191ff91509e3c40b939176e643fd50a5c2196b8f8"},
    {file = "mdurl-0.1.2.tar.gz", hash = "sha256:bb413d29f5eea38f31dd4754dd7377d4465116fb207585f97bf925588687c1ba"},
]

[[package]]
name = "msgspec"
version = "0.19.0"
description = "A fast serialization and validation library, with builtin support for JSON, MessagePack, YAML, and TOML."
optional = false
python-versions = ">=3.9"
groups = ["main"]
files = [
    {file = "msgspec-0.19.0-cp310-cp310-macosx_10_9_x86_64.whl", hash = "sha256:d8dd848ee7ca7c8153462557655570156c2be94e79acec3561cf379581343259"},
    {file = "msgspec-0.19.0-cp310-cp310-macosx_11_0_arm64.whl", hash = "sha256:0553bbc77662e5708fe66aa75e7bd3e4b0f209709c48b299afd791d711a93c36"},
    {file = "msgspec-0.19.0-cp310-cp310-manylinux_2_17_aarch64.manylinux2014_aarch64.whl", hash = "sha256:fe2c4bf29bf4e89790b3117470dea2c20b59932772483082c468b990d45fb947"},
    {file = "msgspec-0.19.0-cp310-cp310-manylinux_2_17_x86_64.manylinux2014_x86_64.whl", hash = "sha256:00e87ecfa9795ee5214861eab8326b0e75475c2e68a384002aa135ea2a27d909"},
    {file = "msgspec-0.19.0-cp310-cp310-musllinux_1_2_aarch64.whl", hash = "sha256:3c4ec642689da44618f68c90855a10edbc6ac3ff7c1d94395446c65a776e712a"},
    {file = "msgspec-0.19.0-cp310-cp310-musllinux_1_2_x86_64.whl", hash = "sha256:2719647625320b60e2d8af06b35f5b12d4f4d281db30a15a1df22adb2295f633"},
    {file = "msgspec-0.19.0-cp310-cp310-win_amd64.whl", hash = "sha256:695b832d0091edd86eeb535cd39e45f3919f48d997685f7ac31acb15e0a2ed90"},
    {file = "msgspec-0.19.0-cp311-cp311-macosx_10_9_x86_64.whl", hash = "sha256:aa77046904db764b0462036bc63ef71f02b75b8f72e9c9dd4c447d6da1ed8f8e"},
    {file = "msgspec-0.19.0-cp311-cp311-macosx_11_0_arm64.whl", hash = "sha256:047cfa8675eb3bad68722cfe95c60e7afabf84d1bd8938979dd2b92e9e4a9551"},
    {file = "msgspec-0.19.0-cp311-cp311-manylinux_2_17_aarch64.manylinux2014_aarch64.whl", hash = "sha256:e78f46ff39a427e10b4a61614a2777ad69559cc8d603a7c05681f5a595ea98f7"},
    {file = "msgspec-0.19.0-cp311-cp311-manylinux_2_17_x86_64.manylinux2014_x86_64.whl", hash = "sha256:6c7adf191e4bd3be0e9231c3b6dc20cf1199ada2af523885efc2ed218eafd011"},
    {file = "msgspec-0.19.0-cp311-cp311-musllinux_1_2_aarch64.whl", hash = "sha256:f04cad4385e20be7c7176bb8ae3dca54a08e9756cfc97bcdb4f18560c3042063"},
    {file = "msgspec-0.19.0-cp311-cp311-musllinux_1_2_x86_64.whl", hash = "sha256:45c8fb410670b3b7eb884d44a75589377c341ec1392b778311acdbfa55187716"},
    {file = "msgspec-0.19.0-cp311-cp311-win_amd64.whl", hash = "sha256:70eaef4934b87193a27d802534dc466778ad8d536e296ae2f9334e182ac27b6c"},
    {file = "msgspec-0.19.0-cp312-cp312-macosx_10_13_x86_64.whl", hash = "sha256:f98bd8962ad549c27d63845b50af3f53ec468b6318400c9f1adfe8b092d7b62f"},
    {file = "msgspec-0.19.0-cp312-cp312-macosx_11_0_arm64.whl", hash = "sha256:43bbb237feab761b815ed9df43b266114203f53596f9b6e6f00ebd79d178cdf2"},
    {file = "msgspec-0.19.0-cp312-cp312-manylinux_2_17_aarch64.manylinux2014_aarch64.whl", hash = "sha256:4cfc033c02c3e0aec52b71710d7f84cb3ca5eb407ab2ad23d75631153fdb1f12"},
    {file = "msgspec-0.19.0-cp312-cp312-manylinux_2_17_x86_64.manylinux2014_x86_64.whl", hash = "sha256:d911c442571605e17658ca2b416fd8579c5050ac9adc5e00c2cb3126c97f73bc"},
    {file = "msgspec-0.19.0-cp312-cp312-musllinux_1_2_aarch64.whl", hash = "sha256:757b501fa57e24896cf40a831442b19a864f56d253679f34f260dcb002524a6c"},
    {file = "msgspec-0.19.0-cp312-cp312-musllinux_1_2_x86_64.whl", hash = "sha256:5f0f65f29b45e2816d8bded36e6b837a4bf5fb60ec4bc3c625fa2c6da4124537"},
    {file = "msgspec-0.19.0-cp312-cp312-win_amd64.whl", hash = "sha256:067f0de1c33cfa0b6a8206562efdf6be5985b988b53dd244a8e06f993f27c8c0"},
    {file = "msgspec-0.19.0-cp313-cp313-macosx_10_13_x86_64.whl", hash = "sha256:f12d30dd6266557aaaf0aa0f9580a9a8fbeadfa83699c487713e355ec5f0bd86"},
    {file = "msgspec-0.19.0-cp313-cp313-macosx_11_0_arm64.whl", hash = "sha256:82b2c42c1b9ebc89e822e7e13bbe9d17ede0c23c187469fdd9505afd5a481314"},
    {file = "msgspec-0.19.0-cp313-cp313-manylinux_2_17_aarch64.manylinux2014_aarch64.whl", hash = "sha256:19746b50be214a54239aab822964f2ac81e38b0055cca94808359d779338c10e"},
    {file = "msgspec-0.19.0-cp313-cp313-manylinux_2_17_x86_64.manylinux2014_x86_64.whl", hash = "sha256:60ef4bdb0ec8e4ad62e5a1f95230c08efb1f64f32e6e8dd2ced685bcc73858b5"},
    {file = "msgspec-0.19.0-cp313-cp313-musllinux_1_2_aarch64.whl", hash = "sha256:ac7f7c377c122b649f7545810c6cd1b47586e3aa3059126ce3516ac7ccc6a6a9"},
    {file = "msgspec-0.19.0-cp313-cp313-musllinux_1_2_x86_64.whl", hash = "sha256:a5bc1472223a643f5ffb5bf46ccdede7f9795078194f14edd69e3aab7020d327"},
    {file = "msgspec-0.19.0-cp313-cp313-win_amd64.whl", hash = "sha256:317050bc0f7739cb30d257ff09152ca309bf5a369854bbf1e57dffc310c1f20f"},
    {file = "msgspec-0.19.0-cp39-cp39-macosx_10_9_x86_64.whl", hash = "sha256:15c1e86fff77184c20a2932cd9742bf33fe23125fa3fcf332df9ad2f7d483044"},
    {file = "msgspec-0.19.0-cp39-cp39-macosx_11_0_arm64.whl", hash = "sha256:3b5541b2b3294e5ffabe31a09d604e23a88533ace36ac288fa32a420aa38d229"},
    {file = "msgspec-0.19.0-cp39-cp39-manylinux_2_17_aarch64.manylinux2014_aarch64.whl", hash = "sha256:0f5c043ace7962ef188746e83b99faaa9e3e699ab857ca3f367b309c8e2c6b12"},
    {file = "msgspec-0.19.0-cp39-cp39-manylinux_2_17_x86_64.manylinux2014_x86_64.whl", hash = "sha256:ca06aa08e39bf57e39a258e1996474f84d0dd8130d486c00bec26d797b8c5446"},
    {file = "msgspec-0.19.0-cp39-cp39-musllinux_1_2_aarch64.whl", hash = "sha256:e695dad6897896e9384cf5e2687d9ae9feaef50e802f93602d35458e20d1fb19"},
    {file = "msgspec-0.19.0-cp39-cp39-musllinux_1_2_x86_64.whl", hash = "sha256:3be5c02e1fee57b54130316a08fe40cca53af92999a302a6054cd451700ea7db"},
    {file = "msgspec-0.19.0-cp39-cp39-win_amd64.whl", hash = "sha256:0684573a821be3c749912acf5848cce78af4298345cb2d7a8b8948a0a5a27cfe"},
    {file = "msgspec-0.19.0.tar.gz", hash = "sha256:604037e7cd475345848116e89c553aa9a233259733ab51986ac924ab1b976f8e"},
]

[package.extras]
dev = ["attrs", "coverage", "eval-type-backport ; python_version < \"3.10\"", "furo", "ipython", "msgpack", "mypy", "pre-commit", "pyright", "pytest", "pyyaml", "sphinx", "sphinx-copybutton", "sphinx-design", "tomli ; python_version < \"3.11\"", "tomli_w"]
doc = ["furo", "ipython", "sphinx", "sphinx-copybutton", "sphinx-design"]
test = ["attrs", "eval-type-backport ; python_version < \"3.10\"", "msgpack", "pytest", "pyyaml", "tomli ; python_version < \"3.11\"", "tomli_w"]
toml = ["tomli ; python_version < \"3.11\"", "tomli_w"]
yaml = ["pyyaml"]

[[package]]
name = "packaging"
version = "25.0"
description = "Core utilities for Python packages"
optional = false
python-versions = ">=3.8"
groups = ["main"]
files = [
    {file = "packaging-25.0-py3-none-any.whl", hash = "sha256:29572ef2b1f17581046b3a2227d5c611fb25ec70ca1ba8554b24b0e69331a484"},
    {file = "packaging-25.0.tar.gz", hash = "sha256:d443872c98d677bf60f6a1f2f8c1cb748e8fe762d2bf9d3148b5599295b0fc4f"},
]

[[package]]
name = "paho-mqtt"
version = "2.1.0"
description = "MQTT version 5.0/3.1.1 client class"
optional = false
python-versions = ">=3.7"
groups = ["main"]
files = [
    {file = "paho_mqtt-2.1.0-py3-none-any.whl", hash = "sha256:6db9ba9b34ed5bc6b6e3812718c7e06e2fd7444540df2455d2c51bd58808feee"},
    {file = "paho_mqtt-2.1.0.tar.gz", hash = "sha256:12d6e7511d4137555a3f6ea167ae846af2c7357b10bc6fa4f7c3968fc1723834"},
]

[package.extras]
proxy = ["pysocks"]

[[package]]
name = "psutil"
version = "7.0.0"
description = "Cross-platform lib for process and system monitoring in Python.  NOTE: the syntax of this script MUST be kept compatible with Python 2.7."
optional = false
python-versions = ">=3.6"
groups = ["main"]
files = [
    {file = "psutil-7.0.0-cp36-abi3-macosx_10_9_x86_64.whl", hash = "sha256:101d71dc322e3cffd7cea0650b09b3d08b8e7c4109dd6809fe452dfd00e58b25"},
    {file = "psutil-7.0.0-cp36-abi3-macosx_11_0_arm64.whl", hash = "sha256:39db632f6bb862eeccf56660871433e111b6ea58f2caea825571951d4b6aa3da"},
    {file = "psutil-7.0.0-cp36-abi3-manylinux_2_12_i686.manylinux2010_i686.manylinux_2_17_i686.manylinux2014_i686.whl", hash = "sha256:1fcee592b4c6f146991ca55919ea3d1f8926497a713ed7faaf8225e174581e91"},
    {file = "psutil-7.0.0-cp36-abi3-manylinux_2_12_x86_64.manylinux2010_x86_64.manylinux_2_17_x86_64.manylinux2014_x86_64.whl", hash = "sha256:4b1388a4f6875d7e2aff5c4ca1cc16c545ed41dd8bb596cefea80111db353a34"},
    {file = "psutil-7.0.0-cp36-abi3-manylinux_2_17_aarch64.manylinux2014_aarch64.whl", hash = "sha256:a5f098451abc2828f7dc6b58d44b532b22f2088f4999a937557b603ce72b1993"},
    {file = "psutil-7.0.0-cp36-cp36m-win32.whl", hash = "sha256:84df4eb63e16849689f76b1ffcb36db7b8de703d1bc1fe41773db487621b6c17"},
    {file = "psutil-7.0.0-cp36-cp36m-win_amd64.whl", hash = "sha256:1e744154a6580bc968a0195fd25e80432d3afec619daf145b9e5ba16cc1d688e"},
    {file = "psutil-7.0.0-cp37-abi3-win32.whl", hash = "sha256:ba3fcef7523064a6c9da440fc4d6bd07da93ac726b5733c29027d7dc95b39d99"},
    {file = "psutil-7.0.0-cp37-abi3-win_amd64.whl", hash = "sha256:4cf3d4eb1aa9b348dec30105c55cd9b7d4629285735a102beb4441e38db90553"},
    {file = "psutil-7.0.0.tar.gz", hash = "sha256:7be9c3eba38beccb6495ea33afd982a44074b78f28c434a1f51cc07fd315c456"},
]

[package.extras]
dev = ["abi3audit", "black (==24.10.0)", "check-manifest", "coverage", "packaging", "pylint", "pyperf", "pypinfo", "pytest", "pytest-cov", "pytest-xdist", "requests", "rstcheck", "ruff", "setuptools", "sphinx", "sphinx_rtd_theme", "toml-sort", "twine", "virtualenv", "vulture", "wheel"]
test = ["pytest", "pytest-xdist", "setuptools"]

[[package]]
name = "pygments"
version = "2.19.2"
description = "Pygments is a syntax highlighting package written in Python."
optional = false
python-versions = ">=3.8"
groups = ["main"]
files = [
    {file = "pygments-2.19.2-py3-none-any.whl", hash = "sha256:86540386c03d588bb81d44bc3928634ff26449851e99741617ecb9037ee5ec0b"},
    {file = "pygments-2.19.2.tar.gz", hash = "sha256:636cb2477cec7f8952536970bc533bc43743542f70392ae026374600add5b887"},
]

[package.extras]
windows-terminal = ["colorama (>=0.4.6)"]

[[package]]
name = "pymodbus"
version = "3.10.0"
description = "A fully featured modbus protocol stack in python"
optional = false
python-versions = ">=3.10.0"
groups = ["main"]
files = [
    {file = "pymodbus-3.10.0-py3-none-any.whl", hash = "sha256:146f7cc9cafd9edcaf427f3a822852395961dd2ba0bfc0069d18c2a94607304a"},
    {file = "pymodbus-3.10.0.tar.gz", hash = "sha256:5b7ce71f9da2fabd1f8484de564a7e2c56085e94e3d4ee2a0fbc14c59dfa9da7"},
]

[package.extras]
all = ["pymodbus[development,documentation,repl,serial,simulator]"]
development = ["build (>=1.2.2)", "codespell (>=2.3.0)", "coverage (>=7.6.1)", "mypy (>=1.11.2)", "pylint (>=3.3.0)", "pytest (>=8.3.3)", "pytest-aiohttp (>=1.0.5)", "pytest-asyncio (>=0.24.0)", "pytest-cov (>=5.0.0)", "pytest-profiling (>=1.7.0) ; python_version < \"3.13\"", "pytest-timeout (>=2.3.1)", "pytest-xdist (>=3.6.1)", "ruff (>=0.8.2)", "twine (>=5.1.1)", "types-Pygments", "types-pyserial"]
documentation = ["Sphinx (>=7.3.7)", "recommonmark (>=0.7.1)", "sphinx-rtd-theme (>=2.0.0)"]
repl = ["pymodbus-repl (>=2.0.4)"]
serial = ["pyserial (>=3.5)"]
simulator = ["aiohttp (>=3.10.6) ; python_version >= \"3.12\"", "aiohttp (>=3.8.6) ; python_version < \"3.12\""]

[[package]]
name = "python-dateutil"
version = "2.9.0.post0"
description = "Extensions to the standard Python datetime module"
optional = false
python-versions = "!=3.0.*,!=3.1.*,!=3.2.*,>=2.7"
groups = ["main"]
files = [
    {file = "python-dateutil-2.9.0.post0.tar.gz", hash = "sha256:37dd54208da7e1cd875388217d5e00ebd4179249f90fb72437e91a35459a0ad3"},
    {file = "python_dateutil-2.9.0.post0-py2.py3-none-any.whl", hash = "sha256:a8b2bc7bffae282281c8140a97d3aa9c14da0b136dfe83f850eea9a5f7470427"},
]

[package.dependencies]
six = ">=1.5"

[[package]]
name = "python-dotenv"
version = "1.1.1"
description = "Read key-value pairs from a .env file and set them as environment variables"
optional = false
python-versions = ">=3.9"
groups = ["main"]
files = [
    {file = "python_dotenv-1.1.1-py3-none-any.whl", hash = "sha256:31f23644fe2602f88ff55e1f5c79ba497e01224ee7737937930c448e4d0e24dc"},
    {file = "python_dotenv-1.1.1.tar.gz", hash = "sha256:a8a6399716257f45be6a007360200409fce5cda2661e3dec71d23dc15f6189ab"},
]

[package.extras]
cli = ["click (>=5.0)"]

[[package]]
name = "rich"
version = "14.1.0"
description = "Render rich text, tables, progress bars, syntax highlighting, markdown and more to the terminal"
optional = false
python-versions = ">=3.8.0"
groups = ["main"]
files = [
    {file = "rich-14.1.0-py3-none-any.whl", hash = "sha256:536f5f1785986d6dbdea3c75205c473f970777b4a0d6c6dd1b696aa05a3fa04f"},
    {file = "rich-14.1.0.tar.gz", hash = "sha256:e497a48b844b0320d45007cdebfeaeed8db2a4f4bcf49f15e455cfc4af11eaa8"},
]

[package.dependencies]
markdown-it-py = ">=2.2.0"
pygments = ">=2.13.0,<3.0.0"

[package.extras]
jupyter = ["ipywidgets (>=7.5.1,<9)"]

[[package]]
name = "ruff"
version = "0.12.7"
description = "An extremely fast Python linter and code formatter, written in Rust."
optional = false
python-versions = ">=3.7"
groups = ["main"]
files = [
    {file = "ruff-0.12.7-py3-none-linux_armv6l.whl", hash = "sha256:76e4f31529899b8c434c3c1dede98c4483b89590e15fb49f2d46183801565303"},
    {file = "ruff-0.12.7-py3-none-macosx_10_12_x86_64.whl", hash = "sha256:789b7a03e72507c54fb3ba6209e4bb36517b90f1a3569ea17084e3fd295500fb"},
    {file = "ruff-0.12.7-py3-none-macosx_11_0_arm64.whl", hash = "sha256:2e1c2a3b8626339bb6369116e7030a4cf194ea48f49b64bb505732a7fce4f4e3"},
    {file = "ruff-0.12.7-py3-none-manylinux_2_17_aarch64.manylinux2014_aarch64.whl", hash = "sha256:32dec41817623d388e645612ec70d5757a6d9c035f3744a52c7b195a57e03860"},
    {file = "ruff-0.12.7-py3-none-manylinux_2_17_armv7l.manylinux2014_armv7l.whl", hash = "sha256:47ef751f722053a5df5fa48d412dbb54d41ab9b17875c6840a58ec63ff0c247c"},
    {file = "ruff-0.12.7-py3-none-manylinux_2_17_i686.manylinux2014_i686.whl", hash = "sha256:a828a5fc25a3efd3e1ff7b241fd392686c9386f20e5ac90aa9234a5faa12c423"},
    {file = "ruff-0.12.7-py3-none-manylinux_2_17_ppc64.manylinux2014_ppc64.whl", hash = "sha256:5726f59b171111fa6a69d82aef48f00b56598b03a22f0f4170664ff4d8298efb"},
    {file = "ruff-0.12.7-py3-none-manylinux_2_17_ppc64le.manylinux2014_ppc64le.whl", hash = "sha256:74e6f5c04c4dd4aba223f4fe6e7104f79e0eebf7d307e4f9b18c18362124bccd"},
    {file = "ruff-0.12.7-py3-none-manylinux_2_17_s390x.manylinux2014_s390x.whl", hash = "sha256:5d0bfe4e77fba61bf2ccadf8cf005d6133e3ce08793bbe870dd1c734f2699a3e"},
    {file = "ruff-0.12.7-py3-none-manylinux_2_17_x86_64.manylinux2014_x86_64.whl", hash = "sha256:06bfb01e1623bf7f59ea749a841da56f8f653d641bfd046edee32ede7ff6c606"},
    {file = "ruff-0.12.7-py3-none-musllinux_1_2_aarch64.whl", hash = "sha256:e41df94a957d50083fd09b916d6e89e497246698c3f3d5c681c8b3e7b9bb4ac8"},
    {file = "ruff-0.12.7-py3-none-musllinux_1_2_armv7l.whl", hash = "sha256:4000623300563c709458d0ce170c3d0d788c23a058912f28bbadc6f905d67afa"},
    {file = "ruff-0.12.7-py3-none-musllinux_1_2_i686.whl", hash = "sha256:69ffe0e5f9b2cf2b8e289a3f8945b402a1b19eff24ec389f45f23c42a3dd6fb5"},
    {file = "ruff-0.12.7-py3-none-musllinux_1_2_x86_64.whl", hash = "sha256:a07a5c8ffa2611a52732bdc67bf88e243abd84fe2d7f6daef3826b59abbfeda4"},
    {file = "ruff-0.12.7-py3-none-win32.whl", hash = "sha256:c928f1b2ec59fb77dfdf70e0419408898b63998789cc98197e15f560b9e77f77"},
    {file = "ruff-0.12.7-py3-none-win_amd64.whl", hash = "sha256:9c18f3d707ee9edf89da76131956aba1270c6348bfee8f6c647de841eac7194f"},
    {file = "ruff-0.12.7-py3-none-win_arm64.whl", hash = "sha256:dfce05101dbd11833a0776716d5d1578641b7fddb537fe7fa956ab85d1769b69"},
    {file = "ruff-0.12.7.tar.gz", hash = "sha256:1fc3193f238bc2d7968772c82831a4ff69252f673be371fb49663f0068b7ec71"},
]

[[package]]
name = "shtab"
version = "1.7.2"
description = "Automagic shell tab completion for Python CLI applications"
optional = false
python-versions = ">=3.7"
groups = ["main"]
files = [
    {file = "shtab-1.7.2-py3-none-any.whl", hash = "sha256:858a5805f6c137bb0cda4f282d27d08fd44ca487ab4a6a36d2a400263cd0b5c1"},
    {file = "shtab-1.7.2.tar.gz", hash = "sha256:8c16673ade76a2d42417f03e57acf239bfb5968e842204c17990cae357d07d6f"},
]

[package.extras]
dev = ["pytest (>=6)", "pytest-cov", "pytest-timeout"]

[[package]]
name = "six"
version = "1.17.0"
description = "Python 2 and 3 compatibility utilities"
optional = false
python-versions = "!=3.0.*,!=3.1.*,!=3.2.*,>=2.7"
groups = ["main"]
files = [
    {file = "six-1.17.0-py2.py3-none-any.whl", hash = "sha256:4721f391ed90541fddacab5acf947aa0d3dc7d27b2e1e8eda2be8970586c3274"},
    {file = "six-1.17.0.tar.gz", hash = "sha256:ff70335d468e7eb6ec65b95b99d3a2836546063f63acc5171de367e834932a81"},
]

[[package]]
name = "tomlkit"
version = "0.13.3"
description = "Style preserving TOML library"
optional = false
python-versions = ">=3.8"
groups = ["main"]
files = [
    {file = "tomlkit-0.13.3-py3-none-any.whl", hash = "sha256:c89c649d79ee40629a9fda55f8ace8c6a1b42deb912b2a8fd8d942ddadb606b0"},
    {file = "tomlkit-0.13.3.tar.gz", hash = "sha256:430cf247ee57df2b94ee3fbe588e71d362a941ebb545dec29b53961d61add2a1"},
]

[[package]]
name = "typeguard"
version = "4.4.4"
description = "Run-time type checker for Python"
optional = false
python-versions = ">=3.9"
groups = ["main"]
files = [
    {file = "typeguard-4.4.4-py3-none-any.whl", hash = "sha256:b5f562281b6bfa1f5492470464730ef001646128b180769880468bd84b68b09e"},
    {file = "typeguard-4.4.4.tar.gz", hash = "sha256:3a7fd2dffb705d4d0efaed4306a704c89b9dee850b688f060a8b1615a79e5f74"},
]

[package.dependencies]
typing_extensions = ">=4.14.0"

[[package]]
name = "typing-extensions"
version = "4.14.1"
description = "Backported and Experimental Type Hints for Python 3.9+"
optional = false
python-versions = ">=3.9"
groups = ["main"]
files = [
    {file = "typing_extensions-4.14.1-py3-none-any.whl", hash = "sha256:d1e1e3b58374dc93031d6eda2420a48ea44a36c2b4766a4fdeb3710755731d76"},
    {file = "typing_extensions-4.14.1.tar.gz", hash = "sha256:38b39f4aeeab64884ce9f74c94263ef78f3c22467c8724005483154c26648d36"},
]

[[package]]
name = "tyro"
version = "0.9.27"
description = "CLI interfaces & config objects, from types"
optional = false
python-versions = ">=3.8"
groups = ["main"]
files = [
    {file = "tyro-0.9.27-py3-none-any.whl", hash = "sha256:f51655c45be6ba297af47cfc04622287422177448a060ffbec0f5fa905046f41"},
    {file = "tyro-0.9.27.tar.gz", hash = "sha256:f7b16340bc07b1eeb0a06880c9fcdddf0cfd084fbad40baf3072361c5a63b268"},
]

[package.dependencies]
colorama = {version = ">=0.4.0", markers = "platform_system == \"Windows\""}
docstring-parser = ">=0.15"
rich = ">=11.1.0"
shtab = ">=1.5.6"
typeguard = ">=4.0.0"
typing-extensions = ">=4.13.0"

[package.extras]
dev = ["attrs (>=21.4.0)", "coverage[toml] (>=6.5.0)", "eval-type-backport (>=0.1.3)", "ml-collections (>=0.1.0)", "msgspec (>=0.18.6)", "mypy (>=1.4.1)", "omegaconf (>=2.2.2)", "pydantic (>=2.5.2,!=2.10.0)", "pyright (>=1.1.349,!=1.1.379)", "pytest (>=7.1.2)", "pytest-cov (>=3.0.0)", "pytest-xdist (>=3.5.0)", "pyyaml (>=6.0)", "ruff (>=0.1.13)"]
dev-nn = ["attrs (>=21.4.0)", "coverage[toml] (>=6.5.0)", "eval-type-backport (>=0.1.3)", "flax (>=0.6.9) ; python_version <= \"3.12\"", "ml-collections (>=0.1.0)", "msgspec (>=0.18.6)", "mypy (>=1.4.1)", "numpy (>=1.20.0)", "omegaconf (>=2.2.2)", "pydantic (>=2.5.2,!=2.10.0)", "pyright (>=1.1.349,!=1.1.379)", "pytest (>=7.1.2)", "pytest-cov (>=3.0.0)", "pytest-xdist (>=3.5.0)", "pyyaml (>=6.0)", "ruff (>=0.1.13)", "torch (>=1.10.0) ; python_version <= \"3.12\""]

[metadata]
lock-version = "2.1"
python-versions = ">=3.11"
content-hash = "d2b191823365c6b08a98356500d65dd4d78477a93db6466e46e928a381f9cc93"
